// !$*UTF8*$!
{
	archiveVersion = 1;
	classes = {
	};
	objectVersion = 56;
	objects = {

/* Begin PBXBuildFile section */
		A00000000000000000000001 /* BetweenUsApp.swift in Sources */ = {isa = PBXBuildFile; fileRef = B00000000000000000000001 /* BetweenUsApp.swift */; };
		A00000000000000000000002 /* Models.swift in Sources */ = {isa = PBXBuildFile; fileRef = B00000000000000000000002 /* Models.swift */; };
		A00000000000000000000003 /* AppState.swift in Sources */ = {isa = PBXBuildFile; fileRef = B00000000000000000000003 /* AppState.swift */; };
		A00000000000000000000004 /* Theme.swift in Sources */ = {isa = PBXBuildFile; fileRef = B00000000000000000000004 /* Theme.swift */; };
		A00000000000000000000005 /* RootView.swift in Sources */ = {isa = PBXBuildFile; fileRef = B00000000000000000000005 /* RootView.swift */; };
		A00000000000000000000006 /* Components.swift in Sources */ = {isa = PBXBuildFile; fileRef = B00000000000000000000006 /* Components.swift */; };
		A00000000000000000000007 /* PerspectiveEntryView.swift in Sources */ = {isa = PBXBuildFile; fileRef = B00000000000000000000007 /* PerspectiveEntryView.swift */; };
		A00000000000000000000008 /* FeelingEntryView.swift in Sources */ = {isa = PBXBuildFile; fileRef = B00000000000000000000008 /* FeelingEntryView.swift */; };
		A00000000000000000000009 /* FactorSelectionView.swift in Sources */ = {isa = PBXBuildFile; fileRef = B00000000000000000000009 /* FactorSelectionView.swift */; };
		A0000000000000000000000A /* ScenarioSplitView.swift in Sources */ = {isa = PBXBuildFile; fileRef = B0000000000000000000000A /* ScenarioSplitView.swift */; };
		A0000000000000000000000B /* RevealView.swift in Sources */ = {isa = PBXBuildFile; fileRef = B0000000000000000000000B /* RevealView.swift */; };
		A0000000000000000000000C /* SamarPlaceholderView.swift in Sources */ = {isa = PBXBuildFile; fileRef = B0000000000000000000000C /* SamarPlaceholderView.swift */; };
		A0000000000000000000000D /* Assets.xcassets in Resources */ = {isa = PBXBuildFile; fileRef = B0000000000000000000000D /* Assets.xcassets */; };
		A0000000000000000000000F /* RoundIntroView.swift in Sources */ = {isa = PBXBuildFile; fileRef = B0000000000000000000000F /* RoundIntroView.swift */; };
		A00000000000000000000010 /* SummaryView.swift in Sources */ = {isa = PBXBuildFile; fileRef = B00000000000000000000010 /* SummaryView.swift */; };
		A00000000000000000000011 /* ProfilesView.swift in Sources */ = {isa = PBXBuildFile; fileRef = B00000000000000000000011 /* ProfilesView.swift */; };
		A00000000000000000000012 /* ConversationGuideView.swift in Sources */ = {isa = PBXBuildFile; fileRef = B00000000000000000000012 /* ConversationGuideView.swift */; };
		A00000000000000000000013 /* LocalAdaptiveScenarioEngine.swift in Sources */ = {isa = PBXBuildFile; fileRef = B00000000000000000000013 /* LocalAdaptiveScenarioEngine.swift */; };
/* End PBXBuildFile section */

/* Begin PBXFileReference section */
		B00000000000000000000001 /* BetweenUsApp.swift */ = {isa = PBXFileReference; lastKnownFileType = sourcecode.swift; path = BetweenUsApp.swift; sourceTree = "<group>"; };
		B00000000000000000000002 /* Models.swift */ = {isa = PBXFileReference; lastKnownFileType = sourcecode.swift; path = Models.swift; sourceTree = "<group>"; };
		B00000000000000000000003 /* AppState.swift */ = {isa = PBXFileReference; lastKnownFileType = sourcecode.swift; path = AppState.swift; sourceTree = "<group>"; };
		B00000000000000000000004 /* Theme.swift */ = {isa = PBXFileReference; lastKnownFileType = sourcecode.swift; path = Theme.swift; sourceTree = "<group>"; };
		B00000000000000000000005 /* RootView.swift */ = {isa = PBXFileReference; lastKnownFileType = sourcecode.swift; path = RootView.swift; sourceTree = "<group>"; };
		B00000000000000000000006 /* Components.swift */ = {isa = PBXFileReference; lastKnownFileType = sourcecode.swift; path = Components.swift; sourceTree = "<group>"; };
		B00000000000000000000007 /* PerspectiveEntryView.swift */ = {isa = PBXFileReference; lastKnownFileType = sourcecode.swift; path = PerspectiveEntryView.swift; sourceTree = "<group>"; };
		B00000000000000000000008 /* FeelingEntryView.swift */ = {isa = PBXFileReference; lastKnownFileType = sourcecode.swift; path = FeelingEntryView.swift; sourceTree = "<group>"; };
		B00000000000000000000009 /* FactorSelectionView.swift */ = {isa = PBXFileReference; lastKnownFileType = sourcecode.swift; path = FactorSelectionView.swift; sourceTree = "<group>"; };
		B0000000000000000000000A /* ScenarioSplitView.swift */ = {isa = PBXFileReference; lastKnownFileType = sourcecode.swift; path = ScenarioSplitView.swift; sourceTree = "<group>"; };
		B0000000000000000000000B /* RevealView.swift */ = {isa = PBXFileReference; lastKnownFileType = sourcecode.swift; path = RevealView.swift; sourceTree = "<group>"; };
		B0000000000000000000000C /* SamarPlaceholderView.swift */ = {isa = PBXFileReference; lastKnownFileType = sourcecode.swift; path = SamarPlaceholderView.swift; sourceTree = "<group>"; };
		B0000000000000000000000D /* Assets.xcassets */ = {isa = PBXFileReference; lastKnownFileType = folder.assetcatalog; path = Assets.xcassets; sourceTree = "<group>"; };
		B0000000000000000000000E /* BetweenUsPrototype.app */ = {isa = PBXFileReference; explicitFileType = wrapper.application; includeInIndex = 0; path = BetweenUsPrototype.app; sourceTree = BUILT_PRODUCTS_DIR; };
		B0000000000000000000000F /* RoundIntroView.swift */ = {isa = PBXFileReference; lastKnownFileType = sourcecode.swift; path = RoundIntroView.swift; sourceTree = "<group>"; };
		B00000000000000000000010 /* SummaryView.swift */ = {isa = PBXFileReference; lastKnownFileType = sourcecode.swift; path = SummaryView.swift; sourceTree = "<group>"; };
		B00000000000000000000011 /* ProfilesView.swift */ = {isa = PBXFileReference; lastKnownFileType = sourcecode.swift; path = ProfilesView.swift; sourceTree = "<group>"; };
		B00000000000000000000012 /* ConversationGuideView.swift */ = {isa = PBXFileReference; lastKnownFileType = sourcecode.swift; path = ConversationGuideView.swift; sourceTree = "<group>"; };
		B00000000000000000000013 /* LocalAdaptiveScenarioEngine.swift */ = {isa = PBXFileReference; lastKnownFileType = sourcecode.swift; path = LocalAdaptiveScenarioEngine.swift; sourceTree = "<group>"; };
/* End PBXFileReference section */

/* Begin PBXFrameworksBuildPhase section */
		C00000000000000000000001 /* Frameworks */ = {
			isa = PBXFrameworksBuildPhase;
			buildActionMask = 2147483647;
			files = (
			);
			runOnlyForDeploymentPostprocessing = 0;
		};
/* End PBXFrameworksBuildPhase section */

/* Begin PBXGroup section */
		D00000000000000000000001 = {
			isa = PBXGroup;
			children = (
				D00000000000000000000002 /* BetweenUsPrototype */,
				D00000000000000000000003 /* Products */,
			);
			sourceTree = "<group>";
		};
		D00000000000000000000002 /* BetweenUsPrototype */ = {
			isa = PBXGroup;
			children = (
				B00000000000000000000001 /* BetweenUsApp.swift */,
				B00000000000000000000002 /* Models.swift */,
				B00000000000000000000003 /* AppState.swift */,
				B00000000000000000000004 /* Theme.swift */,
				B00000000000000000000005 /* RootView.swift */,
				B00000000000000000000006 /* Components.swift */,
				B00000000000000000000007 /* PerspectiveEntryView.swift */,
				B00000000000000000000008 /* FeelingEntryView.swift */,
				B00000000000000000000012 /* ConversationGuideView.swift */,
				B00000000000000000000013 /* LocalAdaptiveScenarioEngine.swift */,
				B00000000000000000000009 /* FactorSelectionView.swift */,
				B0000000000000000000000F /* RoundIntroView.swift */,
				B00000000000000000000010 /* SummaryView.swift */,
				B00000000000000000000011 /* ProfilesView.swift */,
				B0000000000000000000000A /* ScenarioSplitView.swift */,
				B0000000000000000000000B /* RevealView.swift */,
				B0000000000000000000000C /* SamarPlaceholderView.swift */,
				B0000000000000000000000D /* Assets.xcassets */,
			);
			path = BetweenUsPrototype;
			sourceTree = "<group>";
		};
		D00000000000000000000003 /* Products */ = {
			isa = PBXGroup;
			children = (
				B0000000000000000000000E /* BetweenUsPrototype.app */,
			);
			name = Products;
			sourceTree = "<group>";
		};
/* End PBXGroup section */

/* Begin PBXNativeTarget section */
		E00000000000000000000001 /* BetweenUsPrototype */ = {
			isa = PBXNativeTarget;
			buildConfigurationList = F00000000000000000000002 /* Build configuration list for PBXNativeTarget "BetweenUsPrototype" */;
			buildPhases = (
				C00000000000000000000002 /* Sources */,
				C00000000000000000000001 /* Frameworks */,
				C00000000000000000000003 /* Resources */,
			);
			buildRules = (
			);
			dependencies = (
			);
			name = BetweenUsPrototype;
			productName = BetweenUsPrototype;
			productReference = B0000000000000000000000E /* BetweenUsPrototype.app */;
			productType = "com.apple.product-type.application";
		};
/* End PBXNativeTarget section */

/* Begin PBXProject section */
		E00000000000000000000002 /* Project object */ = {
			isa = PBXProject;
			attributes = {
				BuildIndependentTargetsInParallel = 1;
				LastSwiftUpdateCheck = 1600;
				LastUpgradeCheck = 1600;
				TargetAttributes = {
					E00000000000000000000001 = {
						CreatedOnToolsVersion = 16.0;
					};
				};
			};
			buildConfigurationList = F00000000000000000000001 /* Build configuration list for PBXProject "BetweenUsPrototype" */;
			compatibilityVersion = "Xcode 14.0";
			developmentRegion = en;
			hasScannedForEncodings = 0;
			knownRegions = (
				en,
				Base,
			);
			mainGroup = D00000000000000000000001;
			productRefGroup = D00000000000000000000003 /* Products */;
			projectDirPath = "";
			projectRoot = "";
			targets = (
				E00000000000000000000001 /* BetweenUsPrototype */,
			);
		};
/* End PBXProject section */

/* Begin PBXResourcesBuildPhase section */
		C00000000000000000000003 /* Resources */ = {
			isa = PBXResourcesBuildPhase;
			buildActionMask = 2147483647;
			files = (
				A0000000000000000000000D /* Assets.xcassets in Resources */,
			);
			runOnlyForDeploymentPostprocessing = 0;
		};
/* End PBXResourcesBuildPhase section */

/* Begin PBXSourcesBuildPhase section */
		C00000000000000000000002 /* Sources */ = {
			isa = PBXSourcesBuildPhase;
			buildActionMask = 2147483647;
			files = (
				A00000000000000000000001 /* BetweenUsApp.swift in Sources */,
				A00000000000000000000002 /* Models.swift in Sources */,
				A00000000000000000000003 /* AppState.swift in Sources */,
				A00000000000000000000004 /* Theme.swift in Sources */,
				A00000000000000000000005 /* RootView.swift in Sources */,
				A00000000000000000000006 /* Components.swift in Sources */,
				A00000000000000000000007 /* PerspectiveEntryView.swift in Sources */,
				A00000000000000000000008 /* FeelingEntryView.swift in Sources */,
				A00000000000000000000012 /* ConversationGuideView.swift in Sources */,
				A00000000000000000000013 /* LocalAdaptiveScenarioEngine.swift in Sources */,
				A00000000000000000000009 /* FactorSelectionView.swift in Sources */,
				A0000000000000000000000F /* RoundIntroView.swift in Sources */,
				A00000000000000000000010 /* SummaryView.swift in Sources */,
				A00000000000000000000011 /* ProfilesView.swift in Sources */,
				A0000000000000000000000A /* ScenarioSplitView.swift in Sources */,
				A0000000000000000000000B /* RevealView.swift in Sources */,
				A0000000000000000000000C /* SamarPlaceholderView.swift in Sources */,
			);
			runOnlyForDeploymentPostprocessing = 0;
		};
/* End PBXSourcesBuildPhase section */

/* Begin XCBuildConfiguration section */
		F10000000000000000000001 /* Debug */ = {
			isa = XCBuildConfiguration;
			buildSettings = {
				ALWAYS_SEARCH_USER_PATHS = NO;
				CLANG_ENABLE_MODULES = YES;
				CLANG_ENABLE_OBJC_ARC = YES;
				CLANG_WARN_BOOL_CONVERSION = YES;
				CLANG_WARN_CONSTANT_CONVERSION = YES;
				CLANG_WARN_DEPRECATED_OBJC_IMPLEMENTATIONS = YES;
				CLANG_WARN_DOCUMENTATION_COMMENTS = YES;
				CLANG_WARN_EMPTY_BODY = YES;
				CLANG_WARN_ENUM_CONVERSION = YES;
				CLANG_WARN_INFINITE_RECURSION = YES;
				CLANG_WARN_INT_CONVERSION = YES;
				CLANG_WARN_NON_LITERAL_NULL_CONVERSION = YES;
				CLANG_WARN_OBJC_IMPLICIT_RETAIN_SELF = YES;
				CLANG_WARN_OBJC_LITERAL_CONVERSION = YES;
				CLANG_WARN_RANGE_LOOP_ANALYSIS = YES;
				CLANG_WARN_STRICT_PROTOTYPES = YES;
				CLANG_WARN_SUSPICIOUS_MOVE = YES;
				CLANG_WARN_UNGUARDED_AVAILABILITY = YES_AGGRESSIVE;
				COPY_PHASE_STRIP = NO;
				DEBUG_INFORMATION_FORMAT = dwarf;
				ENABLE_TESTABILITY = YES;
				GCC_C_LANGUAGE_STANDARD = gnu17;
				GCC_NO_COMMON_BLOCKS = YES;
				GCC_OPTIMIZATION_LEVEL = 0;
				GCC_PREPROCESSOR_DEFINITIONS = (
					"DEBUG=1",
					"$(inherited)",
				);
				IPHONEOS_DEPLOYMENT_TARGET = 17.0;
				MTL_ENABLE_DEBUG_INFO = INCLUDE_SOURCE;
				ONLY_ACTIVE_ARCH = YES;
				SDKROOT = iphoneos;
				SWIFT_ACTIVE_COMPILATION_CONDITIONS = DEBUG;
				SWIFT_OPTIMIZATION_LEVEL = "-Onone";
			};
			name = Debug;
		};
		F10000000000000000000002 /* Release */ = {
			isa = XCBuildConfiguration;
			buildSettings = {
				ALWAYS_SEARCH_USER_PATHS = NO;
				CLANG_ENABLE_MODULES = YES;
				CLANG_ENABLE_OBJC_ARC = YES;
				CLANG_WARN_BOOL_CONVERSION = YES;
				CLANG_WARN_CONSTANT_CONVERSION = YES;
				CLANG_WARN_DEPRECATED_OBJC_IMPLEMENTATIONS = YES;
				CLANG_WARN_DOCUMENTATION_COMMENTS = YES;
				CLANG_WARN_EMPTY_BODY = YES;
				CLANG_WARN_ENUM_CONVERSION = YES;
				CLANG_WARN_INFINITE_RECURSION = YES;
				CLANG_WARN_INT_CONVERSION = YES;
				CLANG_WARN_NON_LITERAL_NULL_CONVERSION = YES;
				CLANG_WARN_OBJC_IMPLICIT_RETAIN_SELF = YES;
				CLANG_WARN_OBJC_LITERAL_CONVERSION = YES;
				CLANG_WARN_RANGE_LOOP_ANALYSIS = YES;
				CLANG_WARN_STRICT_PROTOTYPES = YES;
				CLANG_WARN_SUSPICIOUS_MOVE = YES;
				CLANG_WARN_UNGUARDED_AVAILABILITY = YES_AGGRESSIVE;
				COPY_PHASE_STRIP = NO;
				DEBUG_INFORMATION_FORMAT = "dwarf-with-dsym";
				ENABLE_NS_ASSERTIONS = NO;
				GCC_C_LANGUAGE_STANDARD = gnu17;
				GCC_NO_COMMON_BLOCKS = YES;
				IPHONEOS_DEPLOYMENT_TARGET = 17.0;
				MTL_ENABLE_DEBUG_INFO = NO;
				SDKROOT = iphoneos;
				SWIFT_COMPILATION_MODE = wholemodule;
				SWIFT_OPTIMIZATION_LEVEL = "-O";
				VALIDATE_PRODUCT = YES;
			};
			name = Release;
		};
		F10000000000000000000003 /* Debug */ = {
			isa = XCBuildConfiguration;
			buildSettings = {
				ASSETCATALOG_COMPILER_APPICON_NAME = AppIcon;
				ASSETCATALOG_COMPILER_GLOBAL_ACCENT_COLOR_NAME = AccentColor;
				CODE_SIGN_STYLE = Automatic;
				CURRENT_PROJECT_VERSION = 1;
				DEVELOPMENT_ASSET_PATHS = "";
				DEVELOPMENT_TEAM = 3379TGULXV;
				ENABLE_PREVIEWS = YES;
				GENERATE_INFOPLIST_FILE = YES;
				INFOPLIST_KEY_CFBundleDisplayName = "Between Us";
				INFOPLIST_KEY_LSApplicationCategoryType = "public.app-category.lifestyle";
				INFOPLIST_KEY_UIApplicationSceneManifest_Generation = YES;
				INFOPLIST_KEY_UIApplicationSupportsIndirectInputEvents = YES;
				INFOPLIST_KEY_UILaunchScreen_Generation = YES;
				INFOPLIST_KEY_UISupportedInterfaceOrientations = UIInterfaceOrientationPortrait;
				IPHONEOS_DEPLOYMENT_TARGET = 17.0;
				LD_RUNPATH_SEARCH_PATHS = (
					"$(inherited)",
					"@executable_path/Frameworks",
				);
				MARKETING_VERSION = 1.0;
				PRODUCT_BUNDLE_IDENTIFIER = com.prototype.BetweenUs;
				PRODUCT_NAME = "$(TARGET_NAME)";
				SUPPORTED_PLATFORMS = "iphoneos iphonesimulator";
				SUPPORTS_MACCATALYST = NO;
				SUPPORTS_XR_DESIGNED_FOR_IPHONE_IPAD = NO;
				SWIFT_EMIT_LOC_STRINGS = YES;
				SWIFT_VERSION = 5.0;
				TARGETED_DEVICE_FAMILY = 1;
			};
			name = Debug;
		};
		F10000000000000000000004 /* Release */ = {
			isa = XCBuildConfiguration;
			buildSettings = {
				ASSETCATALOG_COMPILER_APPICON_NAME = AppIcon;
				ASSETCATALOG_COMPILER_GLOBAL_ACCENT_COLOR_NAME = AccentColor;
				CODE_SIGN_STYLE = Automatic;
				CURRENT_PROJECT_VERSION = 1;
				DEVELOPMENT_ASSET_PATHS = "";
				DEVELOPMENT_TEAM = 3379TGULXV;
				ENABLE_PREVIEWS = YES;
				GENERATE_INFOPLIST_FILE = YES;
				INFOPLIST_KEY_CFBundleDisplayName = "Between Us";
				INFOPLIST_KEY_LSApplicationCategoryType = "public.app-category.lifestyle";
				INFOPLIST_KEY_UIApplicationSceneManifest_Generation = YES;
				INFOPLIST_KEY_UIApplicationSupportsIndirectInputEvents = YES;
				INFOPLIST_KEY_UILaunchScreen_Generation = YES;
				INFOPLIST_KEY_UISupportedInterfaceOrientations = UIInterfaceOrientationPortrait;
				IPHONEOS_DEPLOYMENT_TARGET = 17.0;
				LD_RUNPATH_SEARCH_PATHS = (
					"$(inherited)",
					"@executable_path/Frameworks",
				);
				MARKETING_VERSION = 1.0;
				PRODUCT_BUNDLE_IDENTIFIER = com.prototype.BetweenUs;
				PRODUCT_NAME = "$(TARGET_NAME)";
				SUPPORTED_PLATFORMS = "iphoneos iphonesimulator";
				SUPPORTS_MACCATALYST = NO;
				SUPPORTS_XR_DESIGNED_FOR_IPHONE_IPAD = NO;
				SWIFT_EMIT_LOC_STRINGS = YES;
				SWIFT_VERSION = 5.0;
				TARGETED_DEVICE_FAMILY = 1;
			};
			name = Release;
		};
/* End XCBuildConfiguration section */

/* Begin XCConfigurationList section */
		F00000000000000000000001 /* Build configuration list for PBXProject "BetweenUsPrototype" */ = {
			isa = XCConfigurationList;
			buildConfigurations = (
				F10000000000000000000001 /* Debug */,
				F10000000000000000000002 /* Release */,
			);
			defaultConfigurationIsVisible = 0;
			defaultConfigurationName = Release;
		};
		F00000000000000000000002 /* Build configuration list for PBXNativeTarget "BetweenUsPrototype" */ = {
			isa = XCConfigurationList;
			buildConfigurations = (
				F10000000000000000000003 /* Debug */,
				F10000000000000000000004 /* Release */,
			);
			defaultConfigurationIsVisible = 0;
			defaultConfigurationName = Release;
		};
/* End XCConfigurationList section */
	};
	rootObject = E00000000000000000000002 /* Project object */;
}
